
Microsoft Visual Studio Solution File, Format Version 12.00
# Visual Studio Version 17
VisualStudioVersion = 17.13.35931.197
MinimumVisualStudioVersion = 10.0.40219.1
Project("{9A19103F-16F7-4668-BE54-9A1E7A4F7556}") = "DiveDeepProject", "DiveDeepProject.csproj", "{24574DC2-9271-4955-BDA9-F80AD377D3F0}"
EndProject
Project("{FAE04EC0-301F-11D3-BF4B-00C04F79EFBC}") = "DiveDeepProjectTest", "..\DiveDeepProjectTest\DiveDeepProjectTest.csproj", "{6B25ADC2-C435-46AD-A52A-68B73548A274}"
EndProject
Global
	GlobalSection(SolutionConfigurationPlatforms) = preSolution
		Debug|Any CPU = Debug|Any CPU
		Release|Any CPU = Release|Any CPU
	EndGlobalSection
	GlobalSection(ProjectConfigurationPlatforms) = postSolution
		{24574DC2-9271-4955-BDA9-F80AD377D3F0}.Debug|Any CPU.ActiveCfg = Debug|Any CPU
		{24574DC2-9271-4955-BDA9-F80AD377D3F0}.Debug|Any CPU.Build.0 = Debug|Any CPU
		{24574DC2-9271-4955-BDA9-F80AD377D3F0}.Release|Any CPU.ActiveCfg = Release|Any CPU
		{24574DC2-9271-4955-BDA9-F80AD377D3F0}.Release|Any CPU.Build.0 = Release|Any CPU
		{6B25ADC2-C435-46AD-A52A-68B73548A274}.Debug|Any CPU.ActiveCfg = Debug|Any CPU
		{6B25ADC2-C435-46AD-A52A-68B73548A274}.Debug|Any CPU.Build.0 = Debug|Any CPU
		{6B25ADC2-C435-46AD-A52A-68B73548A274}.Release|Any CPU.ActiveCfg = Release|Any CPU
		{6B25ADC2-C435-46AD-A52A-68B73548A274}.Release|Any CPU.Build.0 = Release|Any CPU
	EndGlobalSection
	GlobalSection(SolutionProperties) = preSolution
		HideSolutionNode = FALSE
	EndGlobalSection
	GlobalSection(ExtensibilityGlobals) = postSolution
		SolutionGuid = {7C9A76D7-4A35-4027-BA48-4084ED9B1DD0}
	EndGlobalSection
EndGlobal
